Microsoft Visual Studio Solution File, Format Version 12.00
# Visual Studio Version 17
VisualStudioVersion = 17.12.35707.178
MinimumVisualStudioVersion = 10.0.40219.1
Project("{FAE04EC0-301F-11D3-BF4B-00C04F79EFBC}") = "GUIDGeneratorApi", "GUIDGeneratorApi\GUIDGeneratorApi.csproj", "{1FB0E4AD-318D-46F6-9D43-B73E8720324E}"
EndProject
Project("{FAE04EC0-301F-11D3-BF4B-00C04F79EFBC}") = "GUIDGeneratorApi.Tests", "GUIDGeneratorApi.Tests\GUIDGeneratorApi.Tests.csproj", "{DC5C688A-0734-4AD2-856C-DDF5D3D1B0DD}"
EndProject
Global
	GlobalSection(SolutionConfigurationPlatforms) = preSolution
		Debug|Any CPU = Debug|Any CPU
		Release|Any CPU = Release|Any CPU
	EndGlobalSection
	GlobalSection(ProjectConfigurationPlatforms) = postSolution
		{1FB0E4AD-318D-46F6-9D43-B73E8720324E}.Debug|Any CPU.ActiveCfg = Debug|Any CPU
		{1FB0E4AD-318D-46F6-9D43-B73E8720324E}.Debug|Any CPU.Build.0 = Debug|Any CPU
		{1FB0E4AD-318D-46F6-9D43-B73E8720324E}.Release|Any CPU.ActiveCfg = Release|Any CPU
		{1FB0E4AD-318D-46F6-9D43-B73E8720324E}.Release|Any CPU.Build.0 = Release|Any CPU
		{DC5C688A-0734-4AD2-856C-DDF5D3D1B0DD}.Debug|Any CPU.ActiveCfg = Debug|Any CPU
		{DC5C688A-0734-4AD2-856C-DDF5D3D1B0DD}.Debug|Any CPU.Build.0 = Debug|Any CPU
		{DC5C688A-0734-4AD2-856C-DDF5D3D1B0DD}.Release|Any CPU.ActiveCfg = Release|Any CPU
		{DC5C688A-0734-4AD2-856C-DDF5D3D1B0DD}.Release|Any CPU.Build.0 = Release|Any CPU
	EndGlobalSection
	GlobalSection(SolutionProperties) = preSolution
		HideSolutionNode = FALSE
	EndGlobalSection
EndGlobal
